
Microsoft Visual Studio Solution File, Format Version 12.00
Project("{FAE04EC0-301F-11D3-BF4B-00C04F79EFBC}") = "Day1", "Day1\Day1.csproj", "{A96BC3C2-0C0B-4867-B975-8482B4B1452B}"
EndProject
Project("{FAE04EC0-301F-11D3-BF4B-00C04F79EFBC}") = "Day2", "Day2\Day2.csproj", "{DDA26684-26E1-440A-8181-CF6C922E7FAC}"
EndProject
Project("{FAE04EC0-301F-11D3-BF4B-00C04F79EFBC}") = "Day3", "Day3\Day3.csproj", "{18F408B1-086B-4760-9F42-9E337F4C0AEE}"
EndProject
Project("{FAE04EC0-301F-11D3-BF4B-00C04F79EFBC}") = "Day4", "Day4\Day4.csproj", "{AA8F8CEE-4148-441D-A3CD-C15DF368AFF2}"
EndProject
Project("{FAE04EC0-301F-11D3-BF4B-00C04F79EFBC}") = "Day6", "Day6\Day6.csproj", "{2D687DD7-3BEB-4B2D-BC6E-48F948C43057}"
EndProject
Project("{FAE04EC0-301F-11D3-BF4B-00C04F79EFBC}") = "Day5", "Day5\Day5.csproj", "{827267B7-78EA-4DD4-AE73-346664728101}"
EndProject
Global
	GlobalSection(SolutionConfigurationPlatforms) = preSolution
		Debug|Any CPU = Debug|Any CPU
		Release|Any CPU = Release|Any CPU
	EndGlobalSection
	GlobalSection(ProjectConfigurationPlatforms) = postSolution
		{A96BC3C2-0C0B-4867-B975-8482B4B1452B}.Debug|Any CPU.ActiveCfg = Debug|Any CPU
		{A96BC3C2-0C0B-4867-B975-8482B4B1452B}.Debug|Any CPU.Build.0 = Debug|Any CPU
		{A96BC3C2-0C0B-4867-B975-8482B4B1452B}.Release|Any CPU.ActiveCfg = Release|Any CPU
		{A96BC3C2-0C0B-4867-B975-8482B4B1452B}.Release|Any CPU.Build.0 = Release|Any CPU
		{DDA26684-26E1-440A-8181-CF6C922E7FAC}.Debug|Any CPU.ActiveCfg = Debug|Any CPU
		{DDA26684-26E1-440A-8181-CF6C922E7FAC}.Debug|Any CPU.Build.0 = Debug|Any CPU
		{DDA26684-26E1-440A-8181-CF6C922E7FAC}.Release|Any CPU.ActiveCfg = Release|Any CPU
		{DDA26684-26E1-440A-8181-CF6C922E7FAC}.Release|Any CPU.Build.0 = Release|Any CPU
		{18F408B1-086B-4760-9F42-9E337F4C0AEE}.Debug|Any CPU.ActiveCfg = Debug|Any CPU
		{18F408B1-086B-4760-9F42-9E337F4C0AEE}.Debug|Any CPU.Build.0 = Debug|Any CPU
		{18F408B1-086B-4760-9F42-9E337F4C0AEE}.Release|Any CPU.ActiveCfg = Release|Any CPU
		{18F408B1-086B-4760-9F42-9E337F4C0AEE}.Release|Any CPU.Build.0 = Release|Any CPU
		{AA8F8CEE-4148-441D-A3CD-C15DF368AFF2}.Debug|Any CPU.ActiveCfg = Debug|Any CPU
		{AA8F8CEE-4148-441D-A3CD-C15DF368AFF2}.Debug|Any CPU.Build.0 = Debug|Any CPU
		{AA8F8CEE-4148-441D-A3CD-C15DF368AFF2}.Release|Any CPU.ActiveCfg = Release|Any CPU
		{AA8F8CEE-4148-441D-A3CD-C15DF368AFF2}.Release|Any CPU.Build.0 = Release|Any CPU
		{2D687DD7-3BEB-4B2D-BC6E-48F948C43057}.Debug|Any CPU.ActiveCfg = Debug|Any CPU
		{2D687DD7-3BEB-4B2D-BC6E-48F948C43057}.Debug|Any CPU.Build.0 = Debug|Any CPU
		{2D687DD7-3BEB-4B2D-BC6E-48F948C43057}.Release|Any CPU.ActiveCfg = Release|Any CPU
		{2D687DD7-3BEB-4B2D-BC6E-48F948C43057}.Release|Any CPU.Build.0 = Release|Any CPU
		{827267B7-78EA-4DD4-AE73-346664728101}.Debug|Any CPU.ActiveCfg = Debug|Any CPU
		{827267B7-78EA-4DD4-AE73-346664728101}.Debug|Any CPU.Build.0 = Debug|Any CPU
		{827267B7-78EA-4DD4-AE73-346664728101}.Release|Any CPU.ActiveCfg = Release|Any CPU
		{827267B7-78EA-4DD4-AE73-346664728101}.Release|Any CPU.Build.0 = Release|Any CPU
	EndGlobalSection
EndGlobal
